// !$*UTF8*$!
{
	archiveVersion = 1;
	classes = {
	};
	objectVersion = 50;
	objects = {

/* Begin PBXBuildFile section */
		D67974B82228668600B75221 /* AppDelegate.swift in Sources */ = {isa = PBXBuildFile; fileRef = D67974B72228668600B75221 /* AppDelegate.swift */; };
		D67974BA2228668600B75221 /* iBeaconVC.swift in Sources */ = {isa = PBXBuildFile; fileRef = D67974B92228668600B75221 /* iBeaconVC.swift */; };
		D67974BD2228668600B75221 /* Main.storyboard in Resources */ = {isa = PBXBuildFile; fileRef = D67974BB2228668600B75221 /* Main.storyboard */; };
		D67974BF2228668800B75221 /* Assets.xcassets in Resources */ = {isa = PBXBuildFile; fileRef = D67974BE2228668800B75221 /* Assets.xcassets */; };
		D67974C22228668800B75221 /* LaunchScreen.storyboard in Resources */ = {isa = PBXBuildFile; fileRef = D67974C02228668800B75221 /* LaunchScreen.storyboard */; };
		D67974CE22287B3000B75221 /* iBeaconCell.swift in Sources */ = {isa = PBXBuildFile; fileRef = D67974CD22287B3000B75221 /* iBeaconCell.swift */; };
/* End PBXBuildFile section */

/* Begin PBXFileReference section */
		D67974B42228668600B75221 /* iBeaconScaner.app */ = {isa = PBXFileReference; explicitFileType = wrapper.application; includeInIndex = 0; path = iBeaconScaner.app; sourceTree = BUILT_PRODUCTS_DIR; };
		D67974B72228668600B75221 /* AppDelegate.swift */ = {isa = PBXFileReference; lastKnownFileType = sourcecode.swift; path = AppDelegate.swift; sourceTree = "<group>"; };
		D67974B92228668600B75221 /* iBeaconVC.swift */ = {isa = PBXFileReference; lastKnownFileType = sourcecode.swift; path = iBeaconVC.swift; sourceTree = "<group>"; };
		D67974BC2228668600B75221 /* Base */ = {isa = PBXFileReference; lastKnownFileType = file.storyboard; name = Base; path = Base.lproj/Main.storyboard; sourceTree = "<group>"; };
		D67974BE2228668800B75221 /* Assets.xcassets */ = {isa = PBXFileReference; lastKnownFileType = folder.assetcatalog; path = Assets.xcassets; sourceTree = "<group>"; };
		D67974C12228668800B75221 /* Base */ = {isa = PBXFileReference; lastKnownFileType = file.storyboard; name = Base; path = Base.lproj/LaunchScreen.storyboard; sourceTree = "<group>"; };
		D67974C32228668800B75221 /* Info.plist */ = {isa = PBXFileReference; lastKnownFileType = text.plist.xml; path = Info.plist; sourceTree = "<group>"; };
		D67974CD22287B3000B75221 /* iBeaconCell.swift */ = {isa = PBXFileReference; lastKnownFileType = sourcecode.swift; path = iBeaconCell.swift; sourceTree = "<group>"; };
/* End PBXFileReference section */

/* Begin PBXFrameworksBuildPhase section */
		D67974B12228668600B75221 /* Frameworks */ = {
			isa = PBXFrameworksBuildPhase;
			buildActionMask = 2147483647;
			files = (
			);
			runOnlyForDeploymentPostprocessing = 0;
		};
/* End PBXFrameworksBuildPhase section */

/* Begin PBXGroup section */
		D67974AB2228668600B75221 = {
			isa = PBXGroup;
			children = (
				D67974B62228668600B75221 /* iBeaconScaner */,
				D67974B52228668600B75221 /* Products */,
			);
			sourceTree = "<group>";
		};
		D67974B52228668600B75221 /* Products */ = {
			isa = PBXGroup;
			children = (
				D67974B42228668600B75221 /* iBeaconScaner.app */,
			);
			name = Products;
			sourceTree = "<group>";
		};
		D67974B62228668600B75221 /* iBeaconScaner */ = {
			isa = PBXGroup;
			children = (
				D67974CA22287AF700B75221 /* Controller */,
				D67974C922287AF000B75221 /* View */,
				D67974B72228668600B75221 /* AppDelegate.swift */,
				D67974BB2228668600B75221 /* Main.storyboard */,
				D67974BE2228668800B75221 /* Assets.xcassets */,
				D67974C02228668800B75221 /* LaunchScreen.storyboard */,
				D67974C32228668800B75221 /* Info.plist */,
			);
			path = iBeaconScaner;
			sourceTree = "<group>";
		};
		D67974C922287AF000B75221 /* View */ = {
			isa = PBXGroup;
			children = (
				D67974CD22287B3000B75221 /* iBeaconCell.swift */,
			);
			path = View;
			sourceTree = "<group>";
		};
		D67974CA22287AF700B75221 /* Controller */ = {
			isa = PBXGroup;
			children = (
				D67974B92228668600B75221 /* iBeaconVC.swift */,
			);
			path = Controller;
			sourceTree = "<group>";
		};
/* End PBXGroup section */

/* Begin PBXNativeTarget section */
		D67974B32228668600B75221 /* iBeaconScaner */ = {
			isa = PBXNativeTarget;
			buildConfigurationList = D67974C62228668800B75221 /* Build configuration list for PBXNativeTarget "iBeaconScaner" */;
			buildPhases = (
				D67974B02228668600B75221 /* Sources */,
				D67974B12228668600B75221 /* Frameworks */,
				D67974B22228668600B75221 /* Resources */,
			);
			buildRules = (
			);
			dependencies = (
			);
			name = iBeaconScaner;
			productName = iBeaconScaner;
			productReference = D67974B42228668600B75221 /* iBeaconScaner.app */;
			productType = "com.apple.product-type.application";
		};
/* End PBXNativeTarget section */

/* Begin PBXProject section */
		D67974AC2228668600B75221 /* Project object */ = {
			isa = PBXProject;
			attributes = {
				LastSwiftUpdateCheck = 1010;
				LastUpgradeCheck = 1010;
				ORGANIZATIONNAME = "Tomasz Jaeschke";
				TargetAttributes = {
					D67974B32228668600B75221 = {
						CreatedOnToolsVersion = 10.1;
					};
				};
			};
			buildConfigurationList = D67974AF2228668600B75221 /* Build configuration list for PBXProject "iBeaconScaner" */;
			compatibilityVersion = "Xcode 9.3";
			developmentRegion = en;
			hasScannedForEncodings = 0;
			knownRegions = (
				en,
				Base,
			);
			mainGroup = D67974AB2228668600B75221;
			productRefGroup = D67974B52228668600B75221 /* Products */;
			projectDirPath = "";
			projectRoot = "";
			targets = (
				D67974B32228668600B75221 /* iBeaconScaner */,
			);
		};
/* End PBXProject section */

/* Begin PBXResourcesBuildPhase section */
		D67974B22228668600B75221 /* Resources */ = {
			isa = PBXResourcesBuildPhase;
			buildActionMask = 2147483647;
			files = (
				D67974C22228668800B75221 /* LaunchScreen.storyboard in Resources */,
				D67974BF2228668800B75221 /* Assets.xcassets in Resources */,
				D67974BD2228668600B75221 /* Main.storyboard in Resources */,
			);
			runOnlyForDeploymentPostprocessing = 0;
		};
/* End PBXResourcesBuildPhase section */

/* Begin PBXSourcesBuildPhase section */
		D67974B02228668600B75221 /* Sources */ = {
			isa = PBXSourcesBuildPhase;
			buildActionMask = 2147483647;
			files = (
				D67974BA2228668600B75221 /* iBeaconVC.swift in Sources */,
				D67974B82228668600B75221 /* AppDelegate.swift in Sources */,
				D67974CE22287B3000B75221 /* iBeaconCell.swift in Sources */,
			);
			runOnlyForDeploymentPostprocessing = 0;
		};
/* End PBXSourcesBuildPhase section */

/* Begin PBXVariantGroup section */
		D67974BB2228668600B75221 /* Main.storyboard */ = {
			isa = PBXVariantGroup;
			children = (
				D67974BC2228668600B75221 /* Base */,
			);
			name = Main.storyboard;
			sourceTree = "<group>";
		};
		D67974C02228668800B75221 /* LaunchScreen.storyboard */ = {
			isa = PBXVariantGroup;
			children = (
				D67974C12228668800B75221 /* Base */,
			);
			name = LaunchScreen.storyboard;
			sourceTree = "<group>";
		};
/* End PBXVariantGroup section */

/* Begin XCBuildConfiguration section */
		D67974C42228668800B75221 /* Debug */ = {
			isa = XCBuildConfiguration;
			buildSettings = {
				ALWAYS_SEARCH_USER_PATHS = NO;
				CLANG_ANALYZER_NONNULL = YES;
				CLANG_ANALYZER_NUMBER_OBJECT_CONVERSION = YES_AGGRESSIVE;
				CLANG_CXX_LANGUAGE_STANDARD = "gnu++14";
				CLANG_CXX_LIBRARY = "libc++";
				CLANG_ENABLE_MODULES = YES;
				CLANG_ENABLE_OBJC_ARC = YES;
				CLANG_ENABLE_OBJC_WEAK = YES;
				CLANG_WARN_BLOCK_CAPTURE_AUTORELEASING = YES;
				CLANG_WARN_BOOL_CONVERSION = YES;
				CLANG_WARN_COMMA = YES;
				CLANG_WARN_CONSTANT_CONVERSION = YES;
				CLANG_WARN_DEPRECATED_OBJC_IMPLEMENTATIONS = YES;
				CLANG_WARN_DIRECT_OBJC_ISA_USAGE = YES_ERROR;
				CLANG_WARN_DOCUMENTATION_COMMENTS = YES;
				CLANG_WARN_EMPTY_BODY = YES;
				CLANG_WARN_ENUM_CONVERSION = YES;
				CLANG_WARN_INFINITE_RECURSION = YES;
				CLANG_WARN_INT_CONVERSION = YES;
				CLANG_WARN_NON_LITERAL_NULL_CONVERSION = YES;
				CLANG_WARN_OBJC_IMPLICIT_RETAIN_SELF = YES;
				CLANG_WARN_OBJC_LITERAL_CONVERSION = YES;
				CLANG_WARN_OBJC_ROOT_CLASS = YES_ERROR;
				CLANG_WARN_RANGE_LOOP_ANALYSIS = YES;
				CLANG_WARN_STRICT_PROTOTYPES = YES;
				CLANG_WARN_SUSPICIOUS_MOVE = YES;
				CLANG_WARN_UNGUARDED_AVAILABILITY = YES_AGGRESSIVE;
				CLANG_WARN_UNREACHABLE_CODE = YES;
				CLANG_WARN__DUPLICATE_METHOD_MATCH = YES;
				CODE_SIGN_IDENTITY = "iPhone Developer";
				COPY_PHASE_STRIP = NO;
				DEBUG_INFORMATION_FORMAT = dwarf;
				ENABLE_STRICT_OBJC_MSGSEND = YES;
				ENABLE_TESTABILITY = YES;
				GCC_C_LANGUAGE_STANDARD = gnu11;
				GCC_DYNAMIC_NO_PIC = NO;
				GCC_NO_COMMON_BLOCKS = YES;
				GCC_OPTIMIZATION_LEVEL = 0;
				GCC_PREPROCESSOR_DEFINITIONS = (
					"DEBUG=1",
					"$(inherited)",
				);
				GCC_WARN_64_TO_32_BIT_CONVERSION = YES;
				GCC_WARN_ABOUT_RETURN_TYPE = YES_ERROR;
				GCC_WARN_UNDECLARED_SELECTOR = YES;
				GCC_WARN_UNINITIALIZED_AUTOS = YES_AGGRESSIVE;
				GCC_WARN_UNUSED_FUNCTION = YES;
				GCC_WARN_UNUSED_VARIABLE = YES;
				IPHONEOS_DEPLOYMENT_TARGET = 12.1;
				MTL_ENABLE_DEBUG_INFO = INCLUDE_SOURCE;
				MTL_FAST_MATH = YES;
				ONLY_ACTIVE_ARCH = YES;
				SDKROOT = iphoneos;
				SWIFT_ACTIVE_COMPILATION_CONDITIONS = DEBUG;
				SWIFT_OPTIMIZATION_LEVEL = "-Onone";
			};
			name = Debug;
		};
		D67974C52228668800B75221 /* Release */ = {
			isa = XCBuildConfiguration;
			buildSettings = {
				ALWAYS_SEARCH_USER_PATHS = NO;
				CLANG_ANALYZER_NONNULL = YES;
				CLANG_ANALYZER_NUMBER_OBJECT_CONVERSION = YES_AGGRESSIVE;
				CLANG_CXX_LANGUAGE_STANDARD = "gnu++14";
				CLANG_CXX_LIBRARY = "libc++";
				CLANG_ENABLE_MODULES = YES;
				CLANG_ENABLE_OBJC_ARC = YES;
				CLANG_ENABLE_OBJC_WEAK = YES;
				CLANG_WARN_BLOCK_CAPTURE_AUTORELEASING = YES;
				CLANG_WARN_BOOL_CONVERSION = YES;
				CLANG_WARN_COMMA = YES;
				CLANG_WARN_CONSTANT_CONVERSION = YES;
				CLANG_WARN_DEPRECATED_OBJC_IMPLEMENTATIONS = YES;
				CLANG_WARN_DIRECT_OBJC_ISA_USAGE = YES_ERROR;
				CLANG_WARN_DOCUMENTATION_COMMENTS = YES;
				CLANG_WARN_EMPTY_BODY = YES;
				CLANG_WARN_ENUM_CONVERSION = YES;
				CLANG_WARN_INFINITE_RECURSION = YES;
				CLANG_WARN_INT_CONVERSION = YES;
				CLANG_WARN_NON_LITERAL_NULL_CONVERSION = YES;
				CLANG_WARN_OBJC_IMPLICIT_RETAIN_SELF = YES;
				CLANG_WARN_OBJC_LITERAL_CONVERSION = YES;
				CLANG_WARN_OBJC_ROOT_CLASS = YES_ERROR;
				CLANG_WARN_RANGE_LOOP_ANALYSIS = YES;
				CLANG_WARN_STRICT_PROTOTYPES = YES;
				CLANG_WARN_SUSPICIOUS_MOVE = YES;
				CLANG_WARN_UNGUARDED_AVAILABILITY = YES_AGGRESSIVE;
				CLANG_WARN_UNREACHABLE_CODE = YES;
				CLANG_WARN__DUPLICATE_METHOD_MATCH = YES;
				CODE_SIGN_IDENTITY = "iPhone Developer";
				COPY_PHASE_STRIP = NO;
				DEBUG_INFORMATION_FORMAT = "dwarf-with-dsym";
				ENABLE_NS_ASSERTIONS = NO;
				ENABLE_STRICT_OBJC_MSGSEND = YES;
				GCC_C_LANGUAGE_STANDARD = gnu11;
				GCC_NO_COMMON_BLOCKS = YES;
				GCC_WARN_64_TO_32_BIT_CONVERSION = YES;
				GCC_WARN_ABOUT_RETURN_TYPE = YES_ERROR;
				GCC_WARN_UNDECLARED_SELECTOR = YES;
				GCC_WARN_UNINITIALIZED_AUTOS = YES_AGGRESSIVE;
				GCC_WARN_UNUSED_FUNCTION = YES;
				GCC_WARN_UNUSED_VARIABLE = YES;
				IPHONEOS_DEPLOYMENT_TARGET = 12.1;
				MTL_ENABLE_DEBUG_INFO = NO;
				MTL_FAST_MATH = YES;
				SDKROOT = iphoneos;
				SWIFT_COMPILATION_MODE = wholemodule;
				SWIFT_OPTIMIZATION_LEVEL = "-O";
				VALIDATE_PRODUCT = YES;
			};
			name = Release;
		};
		D67974C72228668800B75221 /* Debug */ = {
			isa = XCBuildConfiguration;
			buildSettings = {
				ASSETCATALOG_COMPILER_APPICON_NAME = AppIcon;
				CODE_SIGN_STYLE = Automatic;
				DEVELOPMENT_TEAM = 5F3T78YFZV;
				INFOPLIST_FILE = iBeaconScaner/Info.plist;
				LD_RUNPATH_SEARCH_PATHS = (
					"$(inherited)",
					"@executable_path/Frameworks",
				);
				PRODUCT_BUNDLE_IDENTIFIER = com.tomaszjaeschke.iBeaconScaner;
				PRODUCT_NAME = "$(TARGET_NAME)";
				SWIFT_VERSION = 4.2;
				TARGETED_DEVICE_FAMILY = "1,2";
			};
			name = Debug;
		};
		D67974C82228668800B75221 /* Release */ = {
			isa = XCBuildConfiguration;
			buildSettings = {
				ASSETCATALOG_COMPILER_APPICON_NAME = AppIcon;
				CODE_SIGN_STYLE = Automatic;
				DEVELOPMENT_TEAM = 5F3T78YFZV;
				INFOPLIST_FILE = iBeaconScaner/Info.plist;
				LD_RUNPATH_SEARCH_PATHS = (
					"$(inherited)",
					"@executable_path/Frameworks",
				);
				PRODUCT_BUNDLE_IDENTIFIER = com.tomaszjaeschke.iBeaconScaner;
				PRODUCT_NAME = "$(TARGET_NAME)";
				SWIFT_VERSION = 4.2;
				TARGETED_DEVICE_FAMILY = "1,2";
			};
			name = Release;
		};
/* End XCBuildConfiguration section */

/* Begin XCConfigurationList section */
		D67974AF2228668600B75221 /* Build configuration list for PBXProject "iBeaconScaner" */ = {
			isa = XCConfigurationList;
			buildConfigurations = (
				D67974C42228668800B75221 /* Debug */,
				D67974C52228668800B75221 /* Release */,
			);
			defaultConfigurationIsVisible = 0;
			defaultConfigurationName = Release;
		};
		D67974C62228668800B75221 /* Build configuration list for PBXNativeTarget "iBeaconScaner" */ = {
			isa = XCConfigurationList;
			buildConfigurations = (
				D67974C72228668800B75221 /* Debug */,
				D67974C82228668800B75221 /* Release */,
			);
			defaultConfigurationIsVisible = 0;
			defaultConfigurationName = Release;
		};
/* End XCConfigurationList section */
	};
	rootObject = D67974AC2228668600B75221 /* Project object */;
}
